
Microsoft Visual Studio Solution File, Format Version 12.00
# Visual Studio Version 17
VisualStudioVersion = 17.4.33213.308
MinimumVisualStudioVersion = 10.0.40219.1
Project("{FAE04EC0-301F-11D3-BF4B-00C04F79EFBC}") = "H7B2", "H7B2\H7B2.csproj", "{F29B5DF5-82FE-45A6-9E9C-632549D4951F}"
EndProject
Global
	GlobalSection(SolutionConfigurationPlatforms) = preSolution
		Debug|Any CPU = Debug|Any CPU
		Release|Any CPU = Release|Any CPU
	EndGlobalSection
	GlobalSection(ProjectConfigurationPlatforms) = postSolution
		{F29B5DF5-82FE-45A6-9E9C-632549D4951F}.Debug|Any CPU.ActiveCfg = Debug|Any CPU
		{F29B5DF5-82FE-45A6-9E9C-632549D4951F}.Debug|Any CPU.Build.0 = Debug|Any CPU
		{F29B5DF5-82FE-45A6-9E9C-632549D4951F}.Release|Any CPU.ActiveCfg = Release|Any CPU
		{F29B5DF5-82FE-45A6-9E9C-632549D4951F}.Release|Any CPU.Build.0 = Release|Any CPU
	EndGlobalSection
	GlobalSection(SolutionProperties) = preSolution
		HideSolutionNode = FALSE
	EndGlobalSection
	GlobalSection(ExtensibilityGlobals) = postSolution
		SolutionGuid = {7F39390B-DDBE-4246-984A-59D95589181F}
	EndGlobalSection
EndGlobal
