
Microsoft Visual Studio Solution File, Format Version 12.00
# Visual Studio Version 17
VisualStudioVersion = 17.4.33213.308
MinimumVisualStudioVersion = 10.0.40219.1
Project("{FAE04EC0-301F-11D3-BF4B-00C04F79EFBC}") = "H92C", "H92C\H92C.csproj", "{9324DBB6-FF44-448F-96F4-73BA4CCD201E}"
EndProject
Global
	GlobalSection(SolutionConfigurationPlatforms) = preSolution
		Debug|Any CPU = Debug|Any CPU
		Release|Any CPU = Release|Any CPU
	EndGlobalSection
	GlobalSection(ProjectConfigurationPlatforms) = postSolution
		{9324DBB6-FF44-448F-96F4-73BA4CCD201E}.Debug|Any CPU.ActiveCfg = Debug|Any CPU
		{9324DBB6-FF44-448F-96F4-73BA4CCD201E}.Debug|Any CPU.Build.0 = Debug|Any CPU
		{9324DBB6-FF44-448F-96F4-73BA4CCD201E}.Release|Any CPU.ActiveCfg = Release|Any CPU
		{9324DBB6-FF44-448F-96F4-73BA4CCD201E}.Release|Any CPU.Build.0 = Release|Any CPU
	EndGlobalSection
	GlobalSection(SolutionProperties) = preSolution
		HideSolutionNode = FALSE
	EndGlobalSection
	GlobalSection(ExtensibilityGlobals) = postSolution
		SolutionGuid = {C4F0D127-5187-4376-A461-F05A42BA12E0}
	EndGlobalSection
EndGlobal
