
Microsoft Visual Studio Solution File, Format Version 12.00
# Visual Studio Version 17
VisualStudioVersion = 17.4.33213.308
MinimumVisualStudioVersion = 10.0.40219.1
Project("{FAE04EC0-301F-11D3-BF4B-00C04F79EFBC}") = "H4C2", "H4C2\H4C2.csproj", "{E0A3A15C-181D-4A1B-B52F-0F21DADE423B}"
EndProject
Global
	GlobalSection(SolutionConfigurationPlatforms) = preSolution
		Debug|Any CPU = Debug|Any CPU
		Release|Any CPU = Release|Any CPU
	EndGlobalSection
	GlobalSection(ProjectConfigurationPlatforms) = postSolution
		{E0A3A15C-181D-4A1B-B52F-0F21DADE423B}.Debug|Any CPU.ActiveCfg = Debug|Any CPU
		{E0A3A15C-181D-4A1B-B52F-0F21DADE423B}.Debug|Any CPU.Build.0 = Debug|Any CPU
		{E0A3A15C-181D-4A1B-B52F-0F21DADE423B}.Release|Any CPU.ActiveCfg = Release|Any CPU
		{E0A3A15C-181D-4A1B-B52F-0F21DADE423B}.Release|Any CPU.Build.0 = Release|Any CPU
	EndGlobalSection
	GlobalSection(SolutionProperties) = preSolution
		HideSolutionNode = FALSE
	EndGlobalSection
	GlobalSection(ExtensibilityGlobals) = postSolution
		SolutionGuid = {68BF40F5-2DAE-437B-8403-313F8699E168}
	EndGlobalSection
EndGlobal
