
Microsoft Visual Studio Solution File, Format Version 12.00
# Visual Studio Version 17
VisualStudioVersion = 17.14.36518.9 d17.14
MinimumVisualStudioVersion = 10.0.40219.1
Project("{FAE04EC0-301F-11D3-BF4B-00C04F79EFBC}") = "w03Razor", "w03Razor.csproj", "{D57E4A6E-2569-45B0-9B76-BC7D94BEA4B7}"
EndProject
Global
	GlobalSection(SolutionConfigurationPlatforms) = preSolution
		Debug|Any CPU = Debug|Any CPU
		Release|Any CPU = Release|Any CPU
	EndGlobalSection
	GlobalSection(ProjectConfigurationPlatforms) = postSolution
		{D57E4A6E-2569-45B0-9B76-BC7D94BEA4B7}.Debug|Any CPU.ActiveCfg = Debug|Any CPU
		{D57E4A6E-2569-45B0-9B76-BC7D94BEA4B7}.Debug|Any CPU.Build.0 = Debug|Any CPU
		{D57E4A6E-2569-45B0-9B76-BC7D94BEA4B7}.Release|Any CPU.ActiveCfg = Release|Any CPU
		{D57E4A6E-2569-45B0-9B76-BC7D94BEA4B7}.Release|Any CPU.Build.0 = Release|Any CPU
	EndGlobalSection
	GlobalSection(SolutionProperties) = preSolution
		HideSolutionNode = FALSE
	EndGlobalSection
	GlobalSection(ExtensibilityGlobals) = postSolution
		SolutionGuid = {C72B3B5E-96E0-42AA-8B9E-7A6F85391594}
	EndGlobalSection
EndGlobal
